<?xml version="1.0" encoding="UTF-8" standalone="yes" ?>
<CodeBlocks_project_file>
	<FileVersion major="1" minor="6" />
	<Project>
		<Option title="SteeringBehaviours" />
		<Option pch_mode="2" />
		<Option compiler="gcc" />
		<Build>
			<Target title="Debug">
				<Option output="bin/Debug/SteeringBehaviours" prefix_auto="1" extension_auto="1" />
				<Option object_output="obj/Debug/" />
				<Option type="1" />
				<Option compiler="gcc" />
				<Compiler>
					<Add option="-g" />
				</Compiler>
				<Linker>
					<Add library="sfml-graphics-d" />
					<Add library="sfml-window-d" />
					<Add library="sfml-system-d" />
				</Linker>
			</Target>
			<Target title="Release">
				<Option output="bin/Release/SteeringBehaviours" prefix_auto="1" extension_auto="1" />
				<Option object_output="obj/Release/" />
				<Option type="1" />
				<Option compiler="gcc" />
				<Compiler>
					<Add option="-O2" />
				</Compiler>
				<Linker>
					<Add option="-s" />
					<Add library="sfml-graphics" />
					<Add library="sfml-window" />
					<Add library="sfml-system" />
				</Linker>
			</Target>
		</Build>
		<Compiler>
			<Add option="-std=c++11" />
			<Add option="-Wall" />
			<Add directory="/home/rts/Libraries/SFML-master/include" />
		</Compiler>
		<Linker>
			<Add directory="/home/rts/Libraries/SFML-build/lib" />
		</Linker>
		<Unit filename="src/Controller.hpp" />
		<Unit filename="src/LevelBlock.hpp" />
		<Unit filename="src/MovingEntity.hpp" />
		<Unit filename="src/SceneNode.hpp" />
		<Unit filename="src/Scenery.hpp" />
		<Unit filename="src/Sheep.hpp" />
		<Unit filename="src/SheepStates.hpp" />
		<Unit filename="src/SpriteNode.hpp" />
		<Unit filename="src/State.hpp" />
		<Unit filename="src/StateMachine.hpp" />
		<Unit filename="src/StationaryTarget.hpp" />
		<Unit filename="src/SteeringBehaviour.hpp" />
		<Unit filename="src/Target.hpp" />
		<Unit filename="src/Utility.hpp" />
		<Unit filename="src/Wall.hpp" />
		<Unit filename="src/World.hpp" />
		<Unit filename="src/controller.cpp" />
		<Unit filename="src/levelBlock.cpp" />
		<Unit filename="src/main.cpp" />
		<Unit filename="src/sceneNode.cpp" />
		<Unit filename="src/scenery.cpp" />
		<Unit filename="src/sheep.cpp" />
		<Unit filename="src/sheepStates.cpp" />
		<Unit filename="src/spriteNode.cpp" />
		<Unit filename="src/stationaryTarget.cpp" />
		<Unit filename="src/steeringBehaviour.cpp" />
		<Unit filename="src/utility.cpp" />
		<Unit filename="src/world.cpp" />
		<Extensions>
			<code_completion />
			<envvars />
			<debugger />
			<lib_finder disable_auto="1" />
		</Extensions>
	</Project>
</CodeBlocks_project_file>
